// !$*UTF8*$!
{
	archiveVersion = 1;
	classes = {
	};
	objectVersion = 48;
	objects = {

/* Begin PBXFileReference section */
		04056C341F8D790B00C48572 /* CoreBoot.cpp */ = {isa = PBXFileReference; lastKnownFileType = sourcecode.cpp.cpp; path = CoreBoot.cpp; sourceTree = "<group>"; };
		04056C361F8D7AD000C48572 /* link.ld */ = {isa = PBXFileReference; lastKnownFileType = text; path = link.ld; sourceTree = "<group>"; };
		04056C371F8D7D7500C48572 /* CoreVideo.h */ = {isa = PBXFileReference; lastKnownFileType = sourcecode.c.h; path = CoreVideo.h; sourceTree = "<group>"; };
		04056C3A1F8D974B00C48572 /* CoreIO.s */ = {isa = PBXFileReference; explicitFileType = sourcecode.nasm; path = CoreIO.s; sourceTree = "<group>"; };
		04056C3B1F8D985400C48572 /* CoreIDT.c */ = {isa = PBXFileReference; lastKnownFileType = sourcecode.c.c; path = CoreIDT.c; sourceTree = "<group>"; };
		04056C3F1F8D98BA00C48572 /* CoreKeyboard.cpp */ = {isa = PBXFileReference; lastKnownFileType = sourcecode.cpp.cpp; path = CoreKeyboard.cpp; sourceTree = "<group>"; };
		04056C401F8D99BE00C48572 /* CoreKeyboard.h */ = {isa = PBXFileReference; lastKnownFileType = sourcecode.c.h; path = CoreKeyboard.h; sourceTree = "<group>"; };
		04056C421F8DAC4300C48572 /* CoreHandlers.h */ = {isa = PBXFileReference; explicitFileType = sourcecode.cpp.h; path = CoreHandlers.h; sourceTree = "<group>"; };
		0405CBBC1F8E383300CD5232 /* CoreGDT.c */ = {isa = PBXFileReference; lastKnownFileType = sourcecode.c.c; path = CoreGDT.c; sourceTree = "<group>"; };
		0405CBBE1F8E3C4600CD5232 /* CoreTerminal.h */ = {isa = PBXFileReference; lastKnownFileType = sourcecode.c.h; path = CoreTerminal.h; sourceTree = "<group>"; };
		045130E41F8D753F00600A0A /* CoreBoot.s */ = {isa = PBXFileReference; explicitFileType = sourcecode.nasm; path = CoreBoot.s; sourceTree = "<group>"; };
		045130E51F8D77CF00600A0A /* build.sh */ = {isa = PBXFileReference; lastKnownFileType = text.script.sh; path = build.sh; sourceTree = "<group>"; };
		045EC3211F8F8DE0003E15F5 /* CoreVideo.cpp */ = {isa = PBXFileReference; lastKnownFileType = sourcecode.cpp.cpp; path = CoreVideo.cpp; sourceTree = "<group>"; };
		045EC3221F900C14003E15F5 /* CoreTerminal.cpp */ = {isa = PBXFileReference; lastKnownFileType = sourcecode.cpp.cpp; path = CoreTerminal.cpp; sourceTree = "<group>"; };
		049D56B31F95541A0086F054 /* CoreBoot.h */ = {isa = PBXFileReference; lastKnownFileType = sourcecode.c.h; path = CoreBoot.h; sourceTree = "<group>"; };
		04B8C7E91F9566C500031035 /* Makefile */ = {isa = PBXFileReference; lastKnownFileType = sourcecode.make; path = Makefile; sourceTree = "<group>"; usesTabs = 1; };
/* End PBXFileReference section */

/* Begin PBXGroup section */
		04056C331F8D78E500C48572 /* CoreBoot */ = {
			isa = PBXGroup;
			children = (
				04056C341F8D790B00C48572 /* CoreBoot.cpp */,
				04056C371F8D7D7500C48572 /* CoreVideo.h */,
				045EC3211F8F8DE0003E15F5 /* CoreVideo.cpp */,
				04056C421F8DAC4300C48572 /* CoreHandlers.h */,
				0405CBBE1F8E3C4600CD5232 /* CoreTerminal.h */,
				045EC3221F900C14003E15F5 /* CoreTerminal.cpp */,
				049D56B31F95541A0086F054 /* CoreBoot.h */,
			);
			path = CoreBoot;
			sourceTree = "<group>";
		};
		04056C351F8D7A3A00C48572 /* CoreBoot */ = {
			isa = PBXGroup;
			children = (
				045130E41F8D753F00600A0A /* CoreBoot.s */,
				04056C3A1F8D974B00C48572 /* CoreIO.s */,
			);
			path = CoreBoot;
			sourceTree = "<group>";
		};
		04056C381F8D825100C48572 /* cpp */ = {
			isa = PBXGroup;
			children = (
				04056C331F8D78E500C48572 /* CoreBoot */,
				04056C411F8D9E7D00C48572 /* CoreHandlers */,
			);
			path = cpp;
			sourceTree = "<group>";
		};
		04056C3C1F8D987B00C48572 /* c */ = {
			isa = PBXGroup;
			children = (
				04056C3E1F8D98A000C48572 /* CoreBoot */,
			);
			path = c;
			sourceTree = "<group>";
		};
		04056C3E1F8D98A000C48572 /* CoreBoot */ = {
			isa = PBXGroup;
			children = (
				04056C3B1F8D985400C48572 /* CoreIDT.c */,
				0405CBBC1F8E383300CD5232 /* CoreGDT.c */,
			);
			path = CoreBoot;
			sourceTree = "<group>";
		};
		04056C411F8D9E7D00C48572 /* CoreHandlers */ = {
			isa = PBXGroup;
			children = (
				04056C3F1F8D98BA00C48572 /* CoreKeyboard.cpp */,
				04056C401F8D99BE00C48572 /* CoreKeyboard.h */,
			);
			path = CoreHandlers;
			sourceTree = "<group>";
		};
		045130DC1F8D74E800600A0A = {
			isa = PBXGroup;
			children = (
				04B8C7E91F9566C500031035 /* Makefile */,
				04056C361F8D7AD000C48572 /* link.ld */,
				045130E51F8D77CF00600A0A /* build.sh */,
				04056C3C1F8D987B00C48572 /* c */,
				04056C381F8D825100C48572 /* cpp */,
				045130E31F8D751C00600A0A /* assembly */,
			);
			sourceTree = "<group>";
		};
		045130E31F8D751C00600A0A /* assembly */ = {
			isa = PBXGroup;
			children = (
				04056C351F8D7A3A00C48572 /* CoreBoot */,
			);
			path = assembly;
			sourceTree = "<group>";
		};
/* End PBXGroup section */

/* Begin PBXProject section */
		045130DD1F8D74E800600A0A /* Project object */ = {
			isa = PBXProject;
			attributes = {
				LastUpgradeCheck = 0900;
			};
			buildConfigurationList = 045130E01F8D74E800600A0A /* Build configuration list for PBXProject "concreteOS" */;
			compatibilityVersion = "Xcode 8.0";
			developmentRegion = en;
			hasScannedForEncodings = 0;
			knownRegions = (
				en,
			);
			mainGroup = 045130DC1F8D74E800600A0A;
			projectDirPath = "";
			projectRoot = "";
			targets = (
			);
		};
/* End PBXProject section */

/* Begin XCBuildConfiguration section */
		045130E11F8D74E800600A0A /* Debug */ = {
			isa = XCBuildConfiguration;
			buildSettings = {
			};
			name = Debug;
		};
		045130E21F8D74E800600A0A /* Release */ = {
			isa = XCBuildConfiguration;
			buildSettings = {
			};
			name = Release;
		};
/* End XCBuildConfiguration section */

/* Begin XCConfigurationList section */
		045130E01F8D74E800600A0A /* Build configuration list for PBXProject "concreteOS" */ = {
			isa = XCConfigurationList;
			buildConfigurations = (
				045130E11F8D74E800600A0A /* Debug */,
				045130E21F8D74E800600A0A /* Release */,
			);
			defaultConfigurationIsVisible = 0;
			defaultConfigurationName = Release;
		};
/* End XCConfigurationList section */
	};
	rootObject = 045130DD1F8D74E800600A0A /* Project object */;
}
